{
  "name": "gateway-hono",
  "version": "1.0.0",
  "lockfileVersion": 3,
  "requires": true,
  "packages": {
    "": {
      "name": "gateway-hono",
      "version": "1.0.0",
      "license": "MIT",
      "dependencies": {
        "@hono/node-server": "^1.19.5",
        "@hono/swagger-ui": "^0.4.1",
        "hono": "^4.10.4"
      },
      "engines": {
        "node": ">=20.0.0"
      }
    },
    "node_modules/@hono/node-server": {
      "version": "1.19.5",
      "resolved": "https://registry.npmjs.org/@hono/node-server/-/node-server-1.19.5.tgz",
      "integrity": "sha512-iBuhh+uaaggeAuf+TftcjZyWh2GEgZcVGXkNtskLVoWaXhnJtC5HLHrU8W1KHDoucqO1MswwglmkWLFyiDn4WQ==",
      "license": "MIT",
      "engines": {
        "node": ">=18.14.1"
      },
      "peerDependencies": {
        "hono": "^4"
      }
    },
    "node_modules/@hono/swagger-ui": {
      "version": "0.4.1",
      "resolved": "https://registry.npmjs.org/@hono/swagger-ui/-/swagger-ui-0.4.1.tgz",
      "integrity": "sha512-kPaJatHffeYQ3yVkHo878hCqwfapqx54FczJVJ+eRWt8J4biyVVMIdCAJb6MyA8bcnHUoTmUpPc7OJAV1VTg2g==",
      "license": "MIT",
      "peerDependencies": {
        "hono": "*"
      }
    },
    "node_modules/hono": {
      "version": "4.10.4",
      "resolved": "https://registry.npmjs.org/hono/-/hono-4.10.4.tgz",
      "integrity": "sha512-YG/fo7zlU3KwrBL5vDpWKisLYiM+nVstBQqfr7gCPbSYURnNEP9BDxEMz8KfsDR9JX0lJWDRNc6nXX31v7ZEyg==",
      "license": "MIT",
      "engines": {
        "node": ">=16.9.0"
      }
    }
  }
}
